
Microsoft Visual Studio Solution File, Format Version 12.00
# Visual Studio 14
VisualStudioVersion = 14.0.25420.1
MinimumVisualStudioVersion = 10.0.40219.1
Project("{2150E333-8FDC-42A3-9474-1A3956D46DE8}") = "src", "src", "{78658BB8-D90F-4830-8459-D361A916FCB4}"
EndProject
Project("{2150E333-8FDC-42A3-9474-1A3956D46DE8}") = "Solution Items", "Solution Items", "{7BE1D1D2-C9EA-4198-AD5F-9B5B35585364}"
	ProjectSection(SolutionItems) = preProject
		global.json = global.json
	EndProjectSection
EndProject
Project("{8BB2217D-0F2D-49D1-97BC-3654ED321F3B}") = "Giedrius_Silys_assignment_5", "src\Giedrius_Silys_assignment_5\Giedrius_Silys_assignment_5.xproj", "{52BC6016-0DD5-4DE6-8C67-150774E94717}"
EndProject
Global
	GlobalSection(SolutionConfigurationPlatforms) = preSolution
		Debug|Any CPU = Debug|Any CPU
		Release|Any CPU = Release|Any CPU
	EndGlobalSection
	GlobalSection(ProjectConfigurationPlatforms) = postSolution
		{52BC6016-0DD5-4DE6-8C67-150774E94717}.Debug|Any CPU.ActiveCfg = Debug|Any CPU
		{52BC6016-0DD5-4DE6-8C67-150774E94717}.Debug|Any CPU.Build.0 = Debug|Any CPU
		{52BC6016-0DD5-4DE6-8C67-150774E94717}.Release|Any CPU.ActiveCfg = Release|Any CPU
		{52BC6016-0DD5-4DE6-8C67-150774E94717}.Release|Any CPU.Build.0 = Release|Any CPU
	EndGlobalSection
	GlobalSection(SolutionProperties) = preSolution
		HideSolutionNode = FALSE
	EndGlobalSection
	GlobalSection(NestedProjects) = preSolution
		{52BC6016-0DD5-4DE6-8C67-150774E94717} = {78658BB8-D90F-4830-8459-D361A916FCB4}
	EndGlobalSection
EndGlobal
